
Microsoft Visual Studio Solution File, Format Version 12.00
# Visual Studio Version 16
VisualStudioVersion = 16.0.29215.179
MinimumVisualStudioVersion = 10.0.40219.1
Project("{FAE04EC0-301F-11D3-BF4B-00C04F79EFBC}") = "Sistema de Control de Stock", "Sistema de Control de Stock\Sistema de Control de Stock.csproj", "{2E00BC1C-200B-4B47-A7AB-E10A65FED812}"
EndProject
Project("{FAE04EC0-301F-11D3-BF4B-00C04F79EFBC}") = "AccesoDatos", "AccesoDatos\AccesoDatos.csproj", "{E71F9ABA-3922-4EAC-98B3-8BE4544FD863}"
EndProject
Project("{FAE04EC0-301F-11D3-BF4B-00C04F79EFBC}") = "Negocio", "Negocio\Negocio.csproj", "{E3D71C05-9517-4019-8972-EC7E93BC38D7}"
EndProject
Project("{FAE04EC0-301F-11D3-BF4B-00C04F79EFBC}") = "Presentacion", "Presentacion\Presentacion.csproj", "{AD0A82EE-33A6-4460-9040-B442CEFF709E}"
EndProject
Global
	GlobalSection(SolutionConfigurationPlatforms) = preSolution
		Debug|Any CPU = Debug|Any CPU
		Release|Any CPU = Release|Any CPU
	EndGlobalSection
	GlobalSection(ProjectConfigurationPlatforms) = postSolution
		{2E00BC1C-200B-4B47-A7AB-E10A65FED812}.Debug|Any CPU.ActiveCfg = Debug|Any CPU
		{2E00BC1C-200B-4B47-A7AB-E10A65FED812}.Debug|Any CPU.Build.0 = Debug|Any CPU
		{2E00BC1C-200B-4B47-A7AB-E10A65FED812}.Release|Any CPU.ActiveCfg = Release|Any CPU
		{2E00BC1C-200B-4B47-A7AB-E10A65FED812}.Release|Any CPU.Build.0 = Release|Any CPU
		{E71F9ABA-3922-4EAC-98B3-8BE4544FD863}.Debug|Any CPU.ActiveCfg = Debug|Any CPU
		{E71F9ABA-3922-4EAC-98B3-8BE4544FD863}.Debug|Any CPU.Build.0 = Debug|Any CPU
		{E71F9ABA-3922-4EAC-98B3-8BE4544FD863}.Release|Any CPU.ActiveCfg = Release|Any CPU
		{E71F9ABA-3922-4EAC-98B3-8BE4544FD863}.Release|Any CPU.Build.0 = Release|Any CPU
		{E3D71C05-9517-4019-8972-EC7E93BC38D7}.Debug|Any CPU.ActiveCfg = Debug|Any CPU
		{E3D71C05-9517-4019-8972-EC7E93BC38D7}.Debug|Any CPU.Build.0 = Debug|Any CPU
		{E3D71C05-9517-4019-8972-EC7E93BC38D7}.Release|Any CPU.ActiveCfg = Release|Any CPU
		{E3D71C05-9517-4019-8972-EC7E93BC38D7}.Release|Any CPU.Build.0 = Release|Any CPU
		{AD0A82EE-33A6-4460-9040-B442CEFF709E}.Debug|Any CPU.ActiveCfg = Debug|Any CPU
		{AD0A82EE-33A6-4460-9040-B442CEFF709E}.Debug|Any CPU.Build.0 = Debug|Any CPU
		{AD0A82EE-33A6-4460-9040-B442CEFF709E}.Release|Any CPU.ActiveCfg = Release|Any CPU
		{AD0A82EE-33A6-4460-9040-B442CEFF709E}.Release|Any CPU.Build.0 = Release|Any CPU
	EndGlobalSection
	GlobalSection(SolutionProperties) = preSolution
		HideSolutionNode = FALSE
	EndGlobalSection
	GlobalSection(ExtensibilityGlobals) = postSolution
		SolutionGuid = {62DDFEAF-59A7-44DE-AD05-D91740F00D28}
	EndGlobalSection
EndGlobal
